
Microsoft Visual Studio Solution File, Format Version 11.00
# Visual Studio 2010
Project("{FAE04EC0-301F-11D3-BF4B-00C04F79EFBC}") = "BourseVetements", "WebApp\BourseVetements.csproj", "{5D34150D-83BB-4F77-AF48-8F5C8BF56CFB}"
EndProject
Project("{FAE04EC0-301F-11D3-BF4B-00C04F79EFBC}") = "BourseDAO", "DAO\BourseDAO.csproj", "{A236D53C-4301-4D73-B0D3-54479449CBF4}"
EndProject
Project("{FAE04EC0-301F-11D3-BF4B-00C04F79EFBC}") = "BourseDAOTests", "BourseDAOTests\BourseDAOTests.csproj", "{959EBFED-6C55-4A2B-98D8-ABB12B58E8F1}"
EndProject
Global
	GlobalSection(SolutionConfigurationPlatforms) = preSolution
		Debug|Any CPU = Debug|Any CPU
		Release|Any CPU = Release|Any CPU
	EndGlobalSection
	GlobalSection(ProjectConfigurationPlatforms) = postSolution
		{5D34150D-83BB-4F77-AF48-8F5C8BF56CFB}.Debug|Any CPU.ActiveCfg = Debug|Any CPU
		{5D34150D-83BB-4F77-AF48-8F5C8BF56CFB}.Debug|Any CPU.Build.0 = Debug|Any CPU
		{5D34150D-83BB-4F77-AF48-8F5C8BF56CFB}.Release|Any CPU.ActiveCfg = Release|Any CPU
		{5D34150D-83BB-4F77-AF48-8F5C8BF56CFB}.Release|Any CPU.Build.0 = Release|Any CPU
		{A236D53C-4301-4D73-B0D3-54479449CBF4}.Debug|Any CPU.ActiveCfg = Debug|Any CPU
		{A236D53C-4301-4D73-B0D3-54479449CBF4}.Debug|Any CPU.Build.0 = Debug|Any CPU
		{A236D53C-4301-4D73-B0D3-54479449CBF4}.Release|Any CPU.ActiveCfg = Release|Any CPU
		{A236D53C-4301-4D73-B0D3-54479449CBF4}.Release|Any CPU.Build.0 = Release|Any CPU
		{959EBFED-6C55-4A2B-98D8-ABB12B58E8F1}.Debug|Any CPU.ActiveCfg = Debug|Any CPU
		{959EBFED-6C55-4A2B-98D8-ABB12B58E8F1}.Debug|Any CPU.Build.0 = Debug|Any CPU
		{959EBFED-6C55-4A2B-98D8-ABB12B58E8F1}.Release|Any CPU.ActiveCfg = Release|Any CPU
		{959EBFED-6C55-4A2B-98D8-ABB12B58E8F1}.Release|Any CPU.Build.0 = Release|Any CPU
	EndGlobalSection
	GlobalSection(SolutionProperties) = preSolution
		HideSolutionNode = FALSE
	EndGlobalSection
	GlobalSection(ExtensibilityGlobals) = postSolution
		EnterpriseLibraryConfigurationToolBinariesPath = packages\Unity.2.1.505.2\lib\NET35
	EndGlobalSection
EndGlobal
